{
  "name": "psweb",
  "version": "0.1.0",
  "lockfileVersion": 1,
  "requires": true,
  "dependencies": {
    "next-router": {
      "version": "1.3.6",
      "resolved": "https://registry.npmjs.org/next-router/-/next-router-1.3.6.tgz",
      "integrity": "sha512-o7dGCVgKg1XWEjmf+31mabJoSKud4Y51s4Ymwzcn9upaNs5kciHil0TJPlDQOlZIZe1/om1obmUc59FuVtBXCQ==",
      "requires": {
        "path-to-regexp": "^2.1.0"
      }
    },
    "path-to-regexp": {
      "version": "2.4.0",
      "resolved": "https://registry.npmjs.org/path-to-regexp/-/path-to-regexp-2.4.0.tgz",
      "integrity": "sha512-G6zHoVqC6GGTQkZwF4lkuEyMbVOjoBKAEybQUypI1WTkqinCOrq2x6U2+phkJ1XsEMTy4LjtwPI7HW+NVrRR2w=="
    }
  }
}
